
Microsoft Visual Studio Solution File, Format Version 12.00
# Visual Studio Version 16
VisualStudioVersion = 16.0.31624.102
MinimumVisualStudioVersion = 10.0.40219.1
Project("{FAE04EC0-301F-11D3-BF4B-00C04F79EFBC}") = "Parfumer", "Parfumer.csproj", "{A20D9112-0355-4A09-AA54-1F33FB02F408}"
EndProject
Global
	GlobalSection(SolutionConfigurationPlatforms) = preSolution
		Debug|Any CPU = Debug|Any CPU
		Release|Any CPU = Release|Any CPU
	EndGlobalSection
	GlobalSection(ProjectConfigurationPlatforms) = postSolution
		{A20D9112-0355-4A09-AA54-1F33FB02F408}.Debug|Any CPU.ActiveCfg = Debug|Any CPU
		{A20D9112-0355-4A09-AA54-1F33FB02F408}.Debug|Any CPU.Build.0 = Debug|Any CPU
		{A20D9112-0355-4A09-AA54-1F33FB02F408}.Release|Any CPU.ActiveCfg = Release|Any CPU
		{A20D9112-0355-4A09-AA54-1F33FB02F408}.Release|Any CPU.Build.0 = Release|Any CPU
	EndGlobalSection
	GlobalSection(SolutionProperties) = preSolution
		HideSolutionNode = FALSE
	EndGlobalSection
	GlobalSection(ExtensibilityGlobals) = postSolution
		SolutionGuid = {518A7BEE-5042-4D45-8769-962BCB002FB9}
	EndGlobalSection
EndGlobal
